<Solution>
  <Folder Name="/src/">
    <Project Path="src/Decision.Validation/Decision.Validation.csproj" />
    <Project Path="src/Host/Host.csproj" />
    <Project Path="src/Kernel/Kernel.csproj" />
    <Project Path="src/Player/Player.csproj" />
    <Project Path="src/Player.Agency/Player.Agency.csproj" />
    <Project Path="src/Protocol/Protocol.csproj" />
    <Project Path="src/Spatial/Spatial.csproj" />
    <Project Path="src/Server/Server.csproj" />
  </Folder>
  <Folder Name="/tests/">
    <Project Path="tests/Decision.Validation.Tests/Decision.Validation.Tests.csproj" />
    <Project Path="tests/Host.Tests/Host.Tests.csproj" />
    <Project Path="tests/Kernel.Tests/Kernel.Tests.csproj" />
    <Project Path="tests/Player.Tests/Player.Tests.csproj" />
    <Project Path="tests/Player.Agency.Tests/Player.Agency.Tests.csproj" />
    <Project Path="tests/Protocol.Tests/Protocol.Tests.csproj" />
    <Project Path="tests/Spatial.Tests/Spatial.Tests.csproj" />
    <Project Path="tests/Server.Tests/Server.Tests.csproj" />
  </Folder>
</Solution>
