<Solution>
  <Folder Name="/src/">
    <Project Path="src/Host/Host.csproj" />
    <Project Path="src/Journal.Atelia/Journal.Atelia.csproj" />
    <Project Path="src/Kernel/Kernel.csproj" />
    <Project Path="src/Protocol/Protocol.csproj" />
  </Folder>
  <Folder Name="/tests/">
    <Project Path="tests/FirstBoard.Persistence.Tests/FirstBoard.Persistence.Tests.csproj" />
    <Project Path="tests/FirstBoard.Tests/FirstBoard.Tests.csproj" />
    <Project Path="tests/Host.Tests/Host.Tests.csproj" />
    <Project Path="tests/Journal.Atelia.Tests/Journal.Atelia.Tests.csproj" />
    <Project Path="tests/Kernel.Tests/Kernel.Tests.csproj" />
    <Project Path="tests/Protocol.Tests/Protocol.Tests.csproj" />
  </Folder>
</Solution>
