<Solution>
  <Folder Name="/src/">
    <Project Path="src/FirstBoard/FirstBoard.csproj" />
    <Project Path="src/FirstBoard.Demo/FirstBoard.Demo.csproj" />
    <Project Path="src/Host/Host.csproj" />
    <Project Path="src/Kernel/Kernel.csproj" />
    <Project Path="src/Player.Llm/Player.Llm.csproj" />
    <Project Path="src/Protocol/Protocol.csproj" />
    <Project Path="src/Spatial/Spatial.csproj" />
  </Folder>
  <Folder Name="/tests/">
    <Project Path="tests/FirstBoard.Tests/FirstBoard.Tests.csproj" />
    <Project Path="tests/Host.Tests/Host.Tests.csproj" />
    <Project Path="tests/Kernel.Tests/Kernel.Tests.csproj" />
    <Project Path="tests/Player.Llm.Tests/Player.Llm.Tests.csproj" />
    <Project Path="tests/Protocol.Tests/Protocol.Tests.csproj" />
    <Project Path="tests/Spatial.Tests/Spatial.Tests.csproj" />
  </Folder>
</Solution>
